
Microsoft Visual Studio Solution File, Format Version 12.00
# Visual Studio Version 16
VisualStudioVersion = 16.0.29519.181
MinimumVisualStudioVersion = 10.0.40219.1
Project("{FAE04EC0-301F-11D3-BF4B-00C04F79EFBC}") = "SwiftExcel", "SwiftExcel\SwiftExcel.csproj", "{3C3587D3-48B2-46DA-BC5E-A4A9F6067618}"
EndProject
Project("{FAE04EC0-301F-11D3-BF4B-00C04F79EFBC}") = "SwiftExcel.Sandbox", "SwiftExcel.Sandbox\SwiftExcel.Sandbox.csproj", "{8F4A7B8D-C1FF-4BBE-AB0A-307431D2498E}"
EndProject
Global
	GlobalSection(SolutionConfigurationPlatforms) = preSolution
		Debug|Any CPU = Debug|Any CPU
		Release|Any CPU = Release|Any CPU
	EndGlobalSection
	GlobalSection(ProjectConfigurationPlatforms) = postSolution
		{3C3587D3-48B2-46DA-BC5E-A4A9F6067618}.Debug|Any CPU.ActiveCfg = Debug|Any CPU
		{3C3587D3-48B2-46DA-BC5E-A4A9F6067618}.Debug|Any CPU.Build.0 = Debug|Any CPU
		{3C3587D3-48B2-46DA-BC5E-A4A9F6067618}.Release|Any CPU.ActiveCfg = Release|Any CPU
		{3C3587D3-48B2-46DA-BC5E-A4A9F6067618}.Release|Any CPU.Build.0 = Release|Any CPU
		{8F4A7B8D-C1FF-4BBE-AB0A-307431D2498E}.Debug|Any CPU.ActiveCfg = Debug|Any CPU
		{8F4A7B8D-C1FF-4BBE-AB0A-307431D2498E}.Debug|Any CPU.Build.0 = Debug|Any CPU
		{8F4A7B8D-C1FF-4BBE-AB0A-307431D2498E}.Release|Any CPU.ActiveCfg = Release|Any CPU
		{8F4A7B8D-C1FF-4BBE-AB0A-307431D2498E}.Release|Any CPU.Build.0 = Release|Any CPU
	EndGlobalSection
	GlobalSection(SolutionProperties) = preSolution
		HideSolutionNode = FALSE
	EndGlobalSection
	GlobalSection(ExtensibilityGlobals) = postSolution
		SolutionGuid = {975614FF-3404-4A34-90B8-6B3E64229B0A}
	EndGlobalSection
EndGlobal
